// !$*UTF8*$!
{
	archiveVersion = 1;
	classes = {
	};
	objectVersion = 52;
	objects = {

/* Begin PBXBuildFile section */
		B64F6B4F26C077F2008EE831 /* SnapKit in Frameworks */ = {isa = PBXBuildFile; productRef = B64F6B4E26C077F2008EE831 /* SnapKit */; };
		B64F6B5126C113F9008EE831 /* UIColorExtension.swift in Sources */ = {isa = PBXBuildFile; fileRef = B64F6B5026C113F9008EE831 /* UIColorExtension.swift */; };
		B64F6B5326C11D1B008EE831 /* DemoTableViewCell.swift in Sources */ = {isa = PBXBuildFile; fileRef = B64F6B5226C11D1B008EE831 /* DemoTableViewCell.swift */; };
		B64F6B5526C11FEA008EE831 /* Character.swift in Sources */ = {isa = PBXBuildFile; fileRef = B64F6B5426C11FEA008EE831 /* Character.swift */; };
		B64F6B5726C12027008EE831 /* ApiService.swift in Sources */ = {isa = PBXBuildFile; fileRef = B64F6B5626C12027008EE831 /* ApiService.swift */; };
		B64F6B5A26C12069008EE831 /* RxCocoa in Frameworks */ = {isa = PBXBuildFile; productRef = B64F6B5926C12069008EE831 /* RxCocoa */; };
		B64F6B5C26C12069008EE831 /* RxSwift in Frameworks */ = {isa = PBXBuildFile; productRef = B64F6B5B26C12069008EE831 /* RxSwift */; };
		B64F6B5F26C120E8008EE831 /* Alamofire in Frameworks */ = {isa = PBXBuildFile; productRef = B64F6B5E26C120E8008EE831 /* Alamofire */; };
		B64F6B6126C12167008EE831 /* ApiError.swift in Sources */ = {isa = PBXBuildFile; fileRef = B64F6B6026C12167008EE831 /* ApiError.swift */; };
		B64F6B6326C121E1008EE831 /* Endpoint.swift in Sources */ = {isa = PBXBuildFile; fileRef = B64F6B6226C121E1008EE831 /* Endpoint.swift */; };
		B64F6B6526C12462008EE831 /* ApiClient.swift in Sources */ = {isa = PBXBuildFile; fileRef = B64F6B6426C12462008EE831 /* ApiClient.swift */; };
		B64F6B6726C12732008EE831 /* UIImageViewExtension.swift in Sources */ = {isa = PBXBuildFile; fileRef = B64F6B6626C12732008EE831 /* UIImageViewExtension.swift */; };
		B6618E71268E414E00E83058 /* SwitchBackgroundView.swift in Sources */ = {isa = PBXBuildFile; fileRef = B6618E70268E414E00E83058 /* SwitchBackgroundView.swift */; };
		B69FE3552642A999005340E2 /* AppDelegate.swift in Sources */ = {isa = PBXBuildFile; fileRef = B69FE3542642A999005340E2 /* AppDelegate.swift */; };
		B69FE3572642A999005340E2 /* SceneDelegate.swift in Sources */ = {isa = PBXBuildFile; fileRef = B69FE3562642A999005340E2 /* SceneDelegate.swift */; };
		B69FE3592642A999005340E2 /* ViewController.swift in Sources */ = {isa = PBXBuildFile; fileRef = B69FE3582642A999005340E2 /* ViewController.swift */; };
		B69FE35E2642A99A005340E2 /* Assets.xcassets in Resources */ = {isa = PBXBuildFile; fileRef = B69FE35D2642A99A005340E2 /* Assets.xcassets */; };
		B69FE3612642A99A005340E2 /* LaunchScreen.storyboard in Resources */ = {isa = PBXBuildFile; fileRef = B69FE35F2642A99A005340E2 /* LaunchScreen.storyboard */; };
		B6B6B2A726860C7E00D3C4A5 /* CustomSwitch.swift in Sources */ = {isa = PBXBuildFile; fileRef = B6B6B2A626860C7E00D3C4A5 /* CustomSwitch.swift */; };
/* End PBXBuildFile section */

/* Begin PBXFileReference section */
		B64F6B5026C113F9008EE831 /* UIColorExtension.swift */ = {isa = PBXFileReference; lastKnownFileType = sourcecode.swift; path = UIColorExtension.swift; sourceTree = "<group>"; };
		B64F6B5226C11D1B008EE831 /* DemoTableViewCell.swift */ = {isa = PBXFileReference; lastKnownFileType = sourcecode.swift; path = DemoTableViewCell.swift; sourceTree = "<group>"; };
		B64F6B5426C11FEA008EE831 /* Character.swift */ = {isa = PBXFileReference; lastKnownFileType = sourcecode.swift; path = Character.swift; sourceTree = "<group>"; };
		B64F6B5626C12027008EE831 /* ApiService.swift */ = {isa = PBXFileReference; lastKnownFileType = sourcecode.swift; path = ApiService.swift; sourceTree = "<group>"; };
		B64F6B6026C12167008EE831 /* ApiError.swift */ = {isa = PBXFileReference; lastKnownFileType = sourcecode.swift; path = ApiError.swift; sourceTree = "<group>"; };
		B64F6B6226C121E1008EE831 /* Endpoint.swift */ = {isa = PBXFileReference; lastKnownFileType = sourcecode.swift; path = Endpoint.swift; sourceTree = "<group>"; };
		B64F6B6426C12462008EE831 /* ApiClient.swift */ = {isa = PBXFileReference; lastKnownFileType = sourcecode.swift; path = ApiClient.swift; sourceTree = "<group>"; };
		B64F6B6626C12732008EE831 /* UIImageViewExtension.swift */ = {isa = PBXFileReference; lastKnownFileType = sourcecode.swift; path = UIImageViewExtension.swift; sourceTree = "<group>"; };
		B6618E70268E414E00E83058 /* SwitchBackgroundView.swift */ = {isa = PBXFileReference; lastKnownFileType = sourcecode.swift; path = SwitchBackgroundView.swift; sourceTree = "<group>"; };
		B69FE3512642A999005340E2 /* UIKitDemo.app */ = {isa = PBXFileReference; explicitFileType = wrapper.application; includeInIndex = 0; path = UIKitDemo.app; sourceTree = BUILT_PRODUCTS_DIR; };
		B69FE3542642A999005340E2 /* AppDelegate.swift */ = {isa = PBXFileReference; lastKnownFileType = sourcecode.swift; path = AppDelegate.swift; sourceTree = "<group>"; };
		B69FE3562642A999005340E2 /* SceneDelegate.swift */ = {isa = PBXFileReference; lastKnownFileType = sourcecode.swift; path = SceneDelegate.swift; sourceTree = "<group>"; };
		B69FE3582642A999005340E2 /* ViewController.swift */ = {isa = PBXFileReference; lastKnownFileType = sourcecode.swift; path = ViewController.swift; sourceTree = "<group>"; };
		B69FE35D2642A99A005340E2 /* Assets.xcassets */ = {isa = PBXFileReference; lastKnownFileType = folder.assetcatalog; path = Assets.xcassets; sourceTree = "<group>"; };
		B69FE3602642A99A005340E2 /* Base */ = {isa = PBXFileReference; lastKnownFileType = file.storyboard; name = Base; path = Base.lproj/LaunchScreen.storyboard; sourceTree = "<group>"; };
		B69FE3622642A99A005340E2 /* Info.plist */ = {isa = PBXFileReference; lastKnownFileType = text.plist.xml; path = Info.plist; sourceTree = "<group>"; };
		B6B6B2A626860C7E00D3C4A5 /* CustomSwitch.swift */ = {isa = PBXFileReference; lastKnownFileType = sourcecode.swift; path = CustomSwitch.swift; sourceTree = "<group>"; };
/* End PBXFileReference section */

/* Begin PBXFrameworksBuildPhase section */
		B69FE34E2642A999005340E2 /* Frameworks */ = {
			isa = PBXFrameworksBuildPhase;
			buildActionMask = 2147483647;
			files = (
				B64F6B5C26C12069008EE831 /* RxSwift in Frameworks */,
				B64F6B5F26C120E8008EE831 /* Alamofire in Frameworks */,
				B64F6B5A26C12069008EE831 /* RxCocoa in Frameworks */,
				B64F6B4F26C077F2008EE831 /* SnapKit in Frameworks */,
			);
			runOnlyForDeploymentPostprocessing = 0;
		};
/* End PBXFrameworksBuildPhase section */

/* Begin PBXGroup section */
		B64F6B4C26C06D10008EE831 /* CustomSwitch */ = {
			isa = PBXGroup;
			children = (
				B6618E70268E414E00E83058 /* SwitchBackgroundView.swift */,
				B6B6B2A626860C7E00D3C4A5 /* CustomSwitch.swift */,
			);
			path = CustomSwitch;
			sourceTree = "<group>";
		};
		B64F6B6A26C1311B008EE831 /* Extension */ = {
			isa = PBXGroup;
			children = (
				B64F6B5026C113F9008EE831 /* UIColorExtension.swift */,
				B64F6B6626C12732008EE831 /* UIImageViewExtension.swift */,
			);
			path = Extension;
			sourceTree = "<group>";
		};
		B64F6B6B26C13145008EE831 /* Networking */ = {
			isa = PBXGroup;
			children = (
				B64F6B5626C12027008EE831 /* ApiService.swift */,
				B64F6B6026C12167008EE831 /* ApiError.swift */,
				B64F6B6226C121E1008EE831 /* Endpoint.swift */,
				B64F6B6426C12462008EE831 /* ApiClient.swift */,
			);
			path = Networking;
			sourceTree = "<group>";
		};
		B69FE3482642A999005340E2 = {
			isa = PBXGroup;
			children = (
				B69FE3532642A999005340E2 /* UIKitDemo */,
				B69FE3522642A999005340E2 /* Products */,
			);
			sourceTree = "<group>";
		};
		B69FE3522642A999005340E2 /* Products */ = {
			isa = PBXGroup;
			children = (
				B69FE3512642A999005340E2 /* UIKitDemo.app */,
			);
			name = Products;
			sourceTree = "<group>";
		};
		B69FE3532642A999005340E2 /* UIKitDemo */ = {
			isa = PBXGroup;
			children = (
				B64F6B4C26C06D10008EE831 /* CustomSwitch */,
				B64F6B6A26C1311B008EE831 /* Extension */,
				B69FE3542642A999005340E2 /* AppDelegate.swift */,
				B69FE3562642A999005340E2 /* SceneDelegate.swift */,
				B69FE3582642A999005340E2 /* ViewController.swift */,
				B69FE35D2642A99A005340E2 /* Assets.xcassets */,
				B69FE35F2642A99A005340E2 /* LaunchScreen.storyboard */,
				B69FE3622642A99A005340E2 /* Info.plist */,
				B64F6B5226C11D1B008EE831 /* DemoTableViewCell.swift */,
				B64F6B5426C11FEA008EE831 /* Character.swift */,
				B64F6B6B26C13145008EE831 /* Networking */,
			);
			path = UIKitDemo;
			sourceTree = "<group>";
		};
/* End PBXGroup section */

/* Begin PBXNativeTarget section */
		B69FE3502642A999005340E2 /* UIKitDemo */ = {
			isa = PBXNativeTarget;
			buildConfigurationList = B69FE3652642A99A005340E2 /* Build configuration list for PBXNativeTarget "UIKitDemo" */;
			buildPhases = (
				B69FE34D2642A999005340E2 /* Sources */,
				B69FE34E2642A999005340E2 /* Frameworks */,
				B69FE34F2642A999005340E2 /* Resources */,
			);
			buildRules = (
			);
			dependencies = (
			);
			name = UIKitDemo;
			packageProductDependencies = (
				B64F6B4E26C077F2008EE831 /* SnapKit */,
				B64F6B5926C12069008EE831 /* RxCocoa */,
				B64F6B5B26C12069008EE831 /* RxSwift */,
				B64F6B5E26C120E8008EE831 /* Alamofire */,
			);
			productName = UIKitDemo;
			productReference = B69FE3512642A999005340E2 /* UIKitDemo.app */;
			productType = "com.apple.product-type.application";
		};
/* End PBXNativeTarget section */

/* Begin PBXProject section */
		B69FE3492642A999005340E2 /* Project object */ = {
			isa = PBXProject;
			attributes = {
				LastSwiftUpdateCheck = 1240;
				LastUpgradeCheck = 1240;
				TargetAttributes = {
					B69FE3502642A999005340E2 = {
						CreatedOnToolsVersion = 12.4;
					};
				};
			};
			buildConfigurationList = B69FE34C2642A999005340E2 /* Build configuration list for PBXProject "UIKitDemo" */;
			compatibilityVersion = "Xcode 9.3";
			developmentRegion = en;
			hasScannedForEncodings = 0;
			knownRegions = (
				en,
				Base,
			);
			mainGroup = B69FE3482642A999005340E2;
			packageReferences = (
				B64F6B4D26C077F2008EE831 /* XCRemoteSwiftPackageReference "SnapKit" */,
				B64F6B5826C12069008EE831 /* XCRemoteSwiftPackageReference "RxSwift" */,
				B64F6B5D26C120E8008EE831 /* XCRemoteSwiftPackageReference "Alamofire" */,
			);
			productRefGroup = B69FE3522642A999005340E2 /* Products */;
			projectDirPath = "";
			projectRoot = "";
			targets = (
				B69FE3502642A999005340E2 /* UIKitDemo */,
			);
		};
/* End PBXProject section */

/* Begin PBXResourcesBuildPhase section */
		B69FE34F2642A999005340E2 /* Resources */ = {
			isa = PBXResourcesBuildPhase;
			buildActionMask = 2147483647;
			files = (
				B69FE3612642A99A005340E2 /* LaunchScreen.storyboard in Resources */,
				B69FE35E2642A99A005340E2 /* Assets.xcassets in Resources */,
			);
			runOnlyForDeploymentPostprocessing = 0;
		};
/* End PBXResourcesBuildPhase section */

/* Begin PBXSourcesBuildPhase section */
		B69FE34D2642A999005340E2 /* Sources */ = {
			isa = PBXSourcesBuildPhase;
			buildActionMask = 2147483647;
			files = (
				B64F6B5326C11D1B008EE831 /* DemoTableViewCell.swift in Sources */,
				B69FE3592642A999005340E2 /* ViewController.swift in Sources */,
				B69FE3552642A999005340E2 /* AppDelegate.swift in Sources */,
				B64F6B6126C12167008EE831 /* ApiError.swift in Sources */,
				B6618E71268E414E00E83058 /* SwitchBackgroundView.swift in Sources */,
				B64F6B5126C113F9008EE831 /* UIColorExtension.swift in Sources */,
				B64F6B5726C12027008EE831 /* ApiService.swift in Sources */,
				B6B6B2A726860C7E00D3C4A5 /* CustomSwitch.swift in Sources */,
				B69FE3572642A999005340E2 /* SceneDelegate.swift in Sources */,
				B64F6B6326C121E1008EE831 /* Endpoint.swift in Sources */,
				B64F6B5526C11FEA008EE831 /* Character.swift in Sources */,
				B64F6B6726C12732008EE831 /* UIImageViewExtension.swift in Sources */,
				B64F6B6526C12462008EE831 /* ApiClient.swift in Sources */,
			);
			runOnlyForDeploymentPostprocessing = 0;
		};
/* End PBXSourcesBuildPhase section */

/* Begin PBXVariantGroup section */
		B69FE35F2642A99A005340E2 /* LaunchScreen.storyboard */ = {
			isa = PBXVariantGroup;
			children = (
				B69FE3602642A99A005340E2 /* Base */,
			);
			name = LaunchScreen.storyboard;
			sourceTree = "<group>";
		};
/* End PBXVariantGroup section */

/* Begin XCBuildConfiguration section */
		B69FE3632642A99A005340E2 /* Debug */ = {
			isa = XCBuildConfiguration;
			buildSettings = {
				ALWAYS_SEARCH_USER_PATHS = NO;
				CLANG_ANALYZER_NONNULL = YES;
				CLANG_ANALYZER_NUMBER_OBJECT_CONVERSION = YES_AGGRESSIVE;
				CLANG_CXX_LANGUAGE_STANDARD = "gnu++14";
				CLANG_CXX_LIBRARY = "libc++";
				CLANG_ENABLE_MODULES = YES;
				CLANG_ENABLE_OBJC_ARC = YES;
				CLANG_ENABLE_OBJC_WEAK = YES;
				CLANG_WARN_BLOCK_CAPTURE_AUTORELEASING = YES;
				CLANG_WARN_BOOL_CONVERSION = YES;
				CLANG_WARN_COMMA = YES;
				CLANG_WARN_CONSTANT_CONVERSION = YES;
				CLANG_WARN_DEPRECATED_OBJC_IMPLEMENTATIONS = YES;
				CLANG_WARN_DIRECT_OBJC_ISA_USAGE = YES_ERROR;
				CLANG_WARN_DOCUMENTATION_COMMENTS = YES;
				CLANG_WARN_EMPTY_BODY = YES;
				CLANG_WARN_ENUM_CONVERSION = YES;
				CLANG_WARN_INFINITE_RECURSION = YES;
				CLANG_WARN_INT_CONVERSION = YES;
				CLANG_WARN_NON_LITERAL_NULL_CONVERSION = YES;
				CLANG_WARN_OBJC_IMPLICIT_RETAIN_SELF = YES;
				CLANG_WARN_OBJC_LITERAL_CONVERSION = YES;
				CLANG_WARN_OBJC_ROOT_CLASS = YES_ERROR;
				CLANG_WARN_QUOTED_INCLUDE_IN_FRAMEWORK_HEADER = YES;
				CLANG_WARN_RANGE_LOOP_ANALYSIS = YES;
				CLANG_WARN_STRICT_PROTOTYPES = YES;
				CLANG_WARN_SUSPICIOUS_MOVE = YES;
				CLANG_WARN_UNGUARDED_AVAILABILITY = YES_AGGRESSIVE;
				CLANG_WARN_UNREACHABLE_CODE = YES;
				CLANG_WARN__DUPLICATE_METHOD_MATCH = YES;
				COPY_PHASE_STRIP = NO;
				DEBUG_INFORMATION_FORMAT = dwarf;
				ENABLE_STRICT_OBJC_MSGSEND = YES;
				ENABLE_TESTABILITY = YES;
				GCC_C_LANGUAGE_STANDARD = gnu11;
				GCC_DYNAMIC_NO_PIC = NO;
				GCC_NO_COMMON_BLOCKS = YES;
				GCC_OPTIMIZATION_LEVEL = 0;
				GCC_PREPROCESSOR_DEFINITIONS = (
					"DEBUG=1",
					"$(inherited)",
				);
				GCC_WARN_64_TO_32_BIT_CONVERSION = YES;
				GCC_WARN_ABOUT_RETURN_TYPE = YES_ERROR;
				GCC_WARN_UNDECLARED_SELECTOR = YES;
				GCC_WARN_UNINITIALIZED_AUTOS = YES_AGGRESSIVE;
				GCC_WARN_UNUSED_FUNCTION = YES;
				GCC_WARN_UNUSED_VARIABLE = YES;
				IPHONEOS_DEPLOYMENT_TARGET = 14.4;
				MTL_ENABLE_DEBUG_INFO = INCLUDE_SOURCE;
				MTL_FAST_MATH = YES;
				ONLY_ACTIVE_ARCH = YES;
				SDKROOT = iphoneos;
				SWIFT_ACTIVE_COMPILATION_CONDITIONS = DEBUG;
				SWIFT_OPTIMIZATION_LEVEL = "-Onone";
			};
			name = Debug;
		};
		B69FE3642642A99A005340E2 /* Release */ = {
			isa = XCBuildConfiguration;
			buildSettings = {
				ALWAYS_SEARCH_USER_PATHS = NO;
				CLANG_ANALYZER_NONNULL = YES;
				CLANG_ANALYZER_NUMBER_OBJECT_CONVERSION = YES_AGGRESSIVE;
				CLANG_CXX_LANGUAGE_STANDARD = "gnu++14";
				CLANG_CXX_LIBRARY = "libc++";
				CLANG_ENABLE_MODULES = YES;
				CLANG_ENABLE_OBJC_ARC = YES;
				CLANG_ENABLE_OBJC_WEAK = YES;
				CLANG_WARN_BLOCK_CAPTURE_AUTORELEASING = YES;
				CLANG_WARN_BOOL_CONVERSION = YES;
				CLANG_WARN_COMMA = YES;
				CLANG_WARN_CONSTANT_CONVERSION = YES;
				CLANG_WARN_DEPRECATED_OBJC_IMPLEMENTATIONS = YES;
				CLANG_WARN_DIRECT_OBJC_ISA_USAGE = YES_ERROR;
				CLANG_WARN_DOCUMENTATION_COMMENTS = YES;
				CLANG_WARN_EMPTY_BODY = YES;
				CLANG_WARN_ENUM_CONVERSION = YES;
				CLANG_WARN_INFINITE_RECURSION = YES;
				CLANG_WARN_INT_CONVERSION = YES;
				CLANG_WARN_NON_LITERAL_NULL_CONVERSION = YES;
				CLANG_WARN_OBJC_IMPLICIT_RETAIN_SELF = YES;
				CLANG_WARN_OBJC_LITERAL_CONVERSION = YES;
				CLANG_WARN_OBJC_ROOT_CLASS = YES_ERROR;
				CLANG_WARN_QUOTED_INCLUDE_IN_FRAMEWORK_HEADER = YES;
				CLANG_WARN_RANGE_LOOP_ANALYSIS = YES;
				CLANG_WARN_STRICT_PROTOTYPES = YES;
				CLANG_WARN_SUSPICIOUS_MOVE = YES;
				CLANG_WARN_UNGUARDED_AVAILABILITY = YES_AGGRESSIVE;
				CLANG_WARN_UNREACHABLE_CODE = YES;
				CLANG_WARN__DUPLICATE_METHOD_MATCH = YES;
				COPY_PHASE_STRIP = NO;
				DEBUG_INFORMATION_FORMAT = "dwarf-with-dsym";
				ENABLE_NS_ASSERTIONS = NO;
				ENABLE_STRICT_OBJC_MSGSEND = YES;
				GCC_C_LANGUAGE_STANDARD = gnu11;
				GCC_NO_COMMON_BLOCKS = YES;
				GCC_WARN_64_TO_32_BIT_CONVERSION = YES;
				GCC_WARN_ABOUT_RETURN_TYPE = YES_ERROR;
				GCC_WARN_UNDECLARED_SELECTOR = YES;
				GCC_WARN_UNINITIALIZED_AUTOS = YES_AGGRESSIVE;
				GCC_WARN_UNUSED_FUNCTION = YES;
				GCC_WARN_UNUSED_VARIABLE = YES;
				IPHONEOS_DEPLOYMENT_TARGET = 14.4;
				MTL_ENABLE_DEBUG_INFO = NO;
				MTL_FAST_MATH = YES;
				SDKROOT = iphoneos;
				SWIFT_COMPILATION_MODE = wholemodule;
				SWIFT_OPTIMIZATION_LEVEL = "-O";
				VALIDATE_PRODUCT = YES;
			};
			name = Release;
		};
		B69FE3662642A99A005340E2 /* Debug */ = {
			isa = XCBuildConfiguration;
			buildSettings = {
				ASSETCATALOG_COMPILER_APPICON_NAME = AppIcon;
				ASSETCATALOG_COMPILER_GLOBAL_ACCENT_COLOR_NAME = AccentColor;
				CODE_SIGN_STYLE = Automatic;
				DEVELOPMENT_TEAM = 8UFWG2VBLB;
				INFOPLIST_FILE = UIKitDemo/Info.plist;
				LD_RUNPATH_SEARCH_PATHS = (
					"$(inherited)",
					"@executable_path/Frameworks",
				);
				PRODUCT_BUNDLE_IDENTIFIER = com.jedrzejcholuj.UIKitDemo;
				PRODUCT_NAME = "$(TARGET_NAME)";
				SWIFT_VERSION = 5.0;
				TARGETED_DEVICE_FAMILY = "1,2";
			};
			name = Debug;
		};
		B69FE3672642A99A005340E2 /* Release */ = {
			isa = XCBuildConfiguration;
			buildSettings = {
				ASSETCATALOG_COMPILER_APPICON_NAME = AppIcon;
				ASSETCATALOG_COMPILER_GLOBAL_ACCENT_COLOR_NAME = AccentColor;
				CODE_SIGN_STYLE = Automatic;
				DEVELOPMENT_TEAM = 8UFWG2VBLB;
				INFOPLIST_FILE = UIKitDemo/Info.plist;
				LD_RUNPATH_SEARCH_PATHS = (
					"$(inherited)",
					"@executable_path/Frameworks",
				);
				PRODUCT_BUNDLE_IDENTIFIER = com.jedrzejcholuj.UIKitDemo;
				PRODUCT_NAME = "$(TARGET_NAME)";
				SWIFT_VERSION = 5.0;
				TARGETED_DEVICE_FAMILY = "1,2";
			};
			name = Release;
		};
/* End XCBuildConfiguration section */

/* Begin XCConfigurationList section */
		B69FE34C2642A999005340E2 /* Build configuration list for PBXProject "UIKitDemo" */ = {
			isa = XCConfigurationList;
			buildConfigurations = (
				B69FE3632642A99A005340E2 /* Debug */,
				B69FE3642642A99A005340E2 /* Release */,
			);
			defaultConfigurationIsVisible = 0;
			defaultConfigurationName = Release;
		};
		B69FE3652642A99A005340E2 /* Build configuration list for PBXNativeTarget "UIKitDemo" */ = {
			isa = XCConfigurationList;
			buildConfigurations = (
				B69FE3662642A99A005340E2 /* Debug */,
				B69FE3672642A99A005340E2 /* Release */,
			);
			defaultConfigurationIsVisible = 0;
			defaultConfigurationName = Release;
		};
/* End XCConfigurationList section */

/* Begin XCRemoteSwiftPackageReference section */
		B64F6B4D26C077F2008EE831 /* XCRemoteSwiftPackageReference "SnapKit" */ = {
			isa = XCRemoteSwiftPackageReference;
			repositoryURL = "https://github.com/SnapKit/SnapKit.git";
			requirement = {
				kind = upToNextMajorVersion;
				minimumVersion = 5.0.1;
			};
		};
		B64F6B5826C12069008EE831 /* XCRemoteSwiftPackageReference "RxSwift" */ = {
			isa = XCRemoteSwiftPackageReference;
			repositoryURL = "https://github.com/ReactiveX/RxSwift.git";
			requirement = {
				kind = upToNextMajorVersion;
				minimumVersion = 6.2.0;
			};
		};
		B64F6B5D26C120E8008EE831 /* XCRemoteSwiftPackageReference "Alamofire" */ = {
			isa = XCRemoteSwiftPackageReference;
			repositoryURL = "https://github.com/Alamofire/Alamofire.git";
			requirement = {
				kind = upToNextMajorVersion;
				minimumVersion = 5.4.3;
			};
		};
/* End XCRemoteSwiftPackageReference section */

/* Begin XCSwiftPackageProductDependency section */
		B64F6B4E26C077F2008EE831 /* SnapKit */ = {
			isa = XCSwiftPackageProductDependency;
			package = B64F6B4D26C077F2008EE831 /* XCRemoteSwiftPackageReference "SnapKit" */;
			productName = SnapKit;
		};
		B64F6B5926C12069008EE831 /* RxCocoa */ = {
			isa = XCSwiftPackageProductDependency;
			package = B64F6B5826C12069008EE831 /* XCRemoteSwiftPackageReference "RxSwift" */;
			productName = RxCocoa;
		};
		B64F6B5B26C12069008EE831 /* RxSwift */ = {
			isa = XCSwiftPackageProductDependency;
			package = B64F6B5826C12069008EE831 /* XCRemoteSwiftPackageReference "RxSwift" */;
			productName = RxSwift;
		};
		B64F6B5E26C120E8008EE831 /* Alamofire */ = {
			isa = XCSwiftPackageProductDependency;
			package = B64F6B5D26C120E8008EE831 /* XCRemoteSwiftPackageReference "Alamofire" */;
			productName = Alamofire;
		};
/* End XCSwiftPackageProductDependency section */
	};
	rootObject = B69FE3492642A999005340E2 /* Project object */;
}
